
Microsoft Visual Studio Solution File, Format Version 12.00
# Visual Studio Version 17
VisualStudioVersion = 17.7.34202.233
MinimumVisualStudioVersion = 10.0.40219.1
Project("{FAE04EC0-301F-11D3-BF4B-00C04F79EFBC}") = "PetShop1", "PetShop1.csproj", "{33A57FA8-A6FF-4033-B173-31D9DA3E212A}"
EndProject
Global
	GlobalSection(SolutionConfigurationPlatforms) = preSolution
		Debug|Any CPU = Debug|Any CPU
		Release|Any CPU = Release|Any CPU
	EndGlobalSection
	GlobalSection(ProjectConfigurationPlatforms) = postSolution
		{33A57FA8-A6FF-4033-B173-31D9DA3E212A}.Debug|Any CPU.ActiveCfg = Debug|Any CPU
		{33A57FA8-A6FF-4033-B173-31D9DA3E212A}.Debug|Any CPU.Build.0 = Debug|Any CPU
		{33A57FA8-A6FF-4033-B173-31D9DA3E212A}.Release|Any CPU.ActiveCfg = Release|Any CPU
		{33A57FA8-A6FF-4033-B173-31D9DA3E212A}.Release|Any CPU.Build.0 = Release|Any CPU
	EndGlobalSection
	GlobalSection(SolutionProperties) = preSolution
		HideSolutionNode = FALSE
	EndGlobalSection
	GlobalSection(ExtensibilityGlobals) = postSolution
		SolutionGuid = {8B69CBA9-41A9-4E64-8A8E-DE72603C3E1A}
	EndGlobalSection
EndGlobal
